<?xml version="1.0" encoding="utf-8"?>
<Project ToolsVersion="4.0" xmlns="http://schemas.microsoft.com/developer/msbuild/2003">
  <ItemGroup>
    <Filter Include="Source Files">
      <UniqueIdentifier>{4FC737F1-C7A5-4376-A066-2A32D752A2FF}</UniqueIdentifier>
      <Extensions>cpp;c;cc;cxx;def;odl;idl;hpj;bat;asm;asmx</Extensions>
    </Filter>
    <Filter Include="Header Files">
      <UniqueIdentifier>{93995380-89BD-4b04-88EB-625FBE52EBFB}</UniqueIdentifier>
      <Extensions>h;hh;hpp;hxx;hm;inl;inc;xsd</Extensions>
    </Filter>
    <Filter Include="Resource Files">
      <UniqueIdentifier>{67DA6AB6-F800-4c08-8B7A-83BB121AAD01}</UniqueIdentifier>
      <Extensions>rc;ico;cur;bmp;dlg;rc2;rct;bin;rgs;gif;jpg;jpeg;jpe;resx;tiff;tif;png;wav;mfcribbon-ms</Extensions>
    </Filter>
    <Filter Include="Source Files\Shaders">
      <UniqueIdentifier>{13824766-098b-42d3-bcb4-d248ad4e26bc}</UniqueIdentifier>
    </Filter>
    <Filter Include="Header Files\Shaders">
      <UniqueIdentifier>{4ac92590-2458-46b0-bcb2-ff5c26a6b21c}</UniqueIdentifier>
    </Filter>
    <Filter Include="Resource Files\DepthMapping">
      <UniqueIdentifier>{112da8d4-5344-48a7-9657-6b9b2ef7ab9f}</UniqueIdentifier>
    </Filter>
    <Filter Include="Resource Files\Bloom">
      <UniqueIdentifier>{8e54fa30-54e7-4449-b8a9-9f7d1526ec47}</UniqueIdentifier>
    </Filter>
    <Filter Include="Resource Files\Bloom\GaussianBlur">
      <UniqueIdentifier>{44042451-3857-4d79-8972-156a21fafff7}</UniqueIdentifier>
    </Filter>
    <Filter Include="Resource Files\Particles">
      <UniqueIdentifier>{34641e1a-be6b-42ac-b449-030177a8ea77}</UniqueIdentifier>
    </Filter>
    <Filter Include="Resource Files\Objects">
      <UniqueIdentifier>{00c85011-beb7-4f2e-94db-8525b25d57a9}</UniqueIdentifier>
    </Filter>
  </ItemGroup>
  <ItemGroup>
    <ClCompile Include="App1.cpp">
      <Filter>Source Files</Filter>
    </ClCompile>
    <ClCompile Include="Main.cpp">
      <Filter>Source Files</Filter>
    </ClCompile>
    <ClCompile Include="SceneObject.cpp">
      <Filter>Source Files</Filter>
    </ClCompile>
    <ClCompile Include="Water.cpp">
      <Filter>Source Files</Filter>
    </ClCompile>
    <ClCompile Include="ModelObject.cpp">
      <Filter>Source Files</Filter>
    </ClCompile>
    <ClCompile Include="WaterShader.cpp">
      <Filter>Source Files\Shaders</Filter>
    </ClCompile>
    <ClCompile Include="ModelShader.cpp">
      <Filter>Source Files\Shaders</Filter>
    </ClCompile>
    <ClCompile Include="LightSource.cpp">
      <Filter>Source Files</Filter>
    </ClCompile>
    <ClCompile Include="DepthShader.cpp">
      <Filter>Source Files\Shaders</Filter>
    </ClCompile>
    <ClCompile Include="TextureShader.cpp">
      <Filter>Source Files\Shaders</Filter>
    </ClCompile>
    <ClCompile Include="TessellationPlane.cpp">
      <Filter>Source Files</Filter>
    </ClCompile>
    <ClCompile Include="WaterDepthShader.cpp">
      <Filter>Source Files\Shaders</Filter>
    </ClCompile>
    <ClCompile Include="BrightnessMapShader.cpp">
      <Filter>Source Files\Shaders</Filter>
    </ClCompile>
    <ClCompile Include="VerticalBlurShader.cpp">
      <Filter>Source Files\Shaders</Filter>
    </ClCompile>
    <ClCompile Include="HorizontalBlurShader.cpp">
      <Filter>Source Files\Shaders</Filter>
    </ClCompile>
    <ClCompile Include="ComputeBrightness.cpp">
      <Filter>Source Files\Shaders</Filter>
    </ClCompile>
    <ClCompile Include="ComputeDownSample.cpp">
      <Filter>Source Files\Shaders</Filter>
    </ClCompile>
    <ClCompile Include="ComputeUpSample.cpp">
      <Filter>Source Files\Shaders</Filter>
    </ClCompile>
    <ClCompile Include="ComputeBlend.cpp">
      <Filter>Source Files\Shaders</Filter>
    </ClCompile>
    <ClCompile Include="ColourShader.cpp">
      <Filter>Source Files</Filter>
    </ClCompile>
    <ClCompile Include="ParticleShader.cpp">
      <Filter>Source Files</Filter>
    </ClCompile>
    <ClCompile Include="ParticleSystem.cpp">
      <Filter>Source Files</Filter>
    </ClCompile>
  </ItemGroup>
  <ItemGroup>
    <ClInclude Include="App1.h">
      <Filter>Header Files</Filter>
    </ClInclude>
    <ClInclude Include="SceneObject.h">
      <Filter>Header Files</Filter>
    </ClInclude>
    <ClInclude Include="Water.h">
      <Filter>Header Files</Filter>
    </ClInclude>
    <ClInclude Include="LightHelper.h">
      <Filter>Header Files</Filter>
    </ClInclude>
    <ClInclude Include="ModelObject.h">
      <Filter>Header Files</Filter>
    </ClInclude>
    <ClInclude Include="WaterShader.h">
      <Filter>Header Files\Shaders</Filter>
    </ClInclude>
    <ClInclude Include="ModelShader.h">
      <Filter>Header Files\Shaders</Filter>
    </ClInclude>
    <ClInclude Include="LightSource.h">
      <Filter>Header Files</Filter>
    </ClInclude>
    <ClInclude Include="DepthShader.h">
      <Filter>Header Files\Shaders</Filter>
    </ClInclude>
    <ClInclude Include="TextureShader.h">
      <Filter>Header Files\Shaders</Filter>
    </ClInclude>
    <ClInclude Include="structsforuse.h">
      <Filter>Header Files</Filter>
    </ClInclude>
    <ClInclude Include="TessellationPlane.h">
      <Filter>Header Files</Filter>
    </ClInclude>
    <ClInclude Include="WaterDepthShader.h">
      <Filter>Header Files\Shaders</Filter>
    </ClInclude>
    <ClInclude Include="BrightnessMapShader.h">
      <Filter>Header Files\Shaders</Filter>
    </ClInclude>
    <ClInclude Include="HorizontalBlurShader.h">
      <Filter>Header Files\Shaders</Filter>
    </ClInclude>
    <ClInclude Include="VerticalBlurShader.h">
      <Filter>Header Files\Shaders</Filter>
    </ClInclude>
    <ClInclude Include="ComputeDownSample.h">
      <Filter>Header Files\Shaders</Filter>
    </ClInclude>
    <ClInclude Include="ComputeBrightness.h">
      <Filter>Header Files\Shaders</Filter>
    </ClInclude>
    <ClInclude Include="ComputeUpSample.h">
      <Filter>Header Files\Shaders</Filter>
    </ClInclude>
    <ClInclude Include="ComputeBlend.h">
      <Filter>Header Files\Shaders</Filter>
    </ClInclude>
    <ClInclude Include="ColourShader.h">
      <Filter>Header Files\Shaders</Filter>
    </ClInclude>
    <ClInclude Include="ParticleShader.h">
      <Filter>Header Files</Filter>
    </ClInclude>
    <ClInclude Include="ParticleSystem.h">
      <Filter>Header Files</Filter>
    </ClInclude>
  </ItemGroup>
  <ItemGroup>
    <FxCompile Include="depth_ps.hlsl">
      <Filter>Resource Files\DepthMapping</Filter>
    </FxCompile>
    <FxCompile Include="depth_vs.hlsl">
      <Filter>Resource Files\DepthMapping</Filter>
    </FxCompile>
    <FxCompile Include="waterDepth_ds.hlsl">
      <Filter>Resource Files\DepthMapping</Filter>
    </FxCompile>
    <FxCompile Include="waterDepth_hs.hlsl">
      <Filter>Resource Files\DepthMapping</Filter>
    </FxCompile>
    <FxCompile Include="waterDepth_ps.hlsl">
      <Filter>Resource Files\DepthMapping</Filter>
    </FxCompile>
    <FxCompile Include="waterDepth_vs.hlsl">
      <Filter>Resource Files\DepthMapping</Filter>
    </FxCompile>
    <FxCompile Include="brightnessMap_ps.hlsl">
      <Filter>Resource Files\Bloom</Filter>
    </FxCompile>
    <FxCompile Include="brightnessMap_vs.hlsl">
      <Filter>Resource Files\Bloom</Filter>
    </FxCompile>
    <FxCompile Include="downSample_cs.hlsl">
      <Filter>Resource Files\Bloom</Filter>
    </FxCompile>
    <FxCompile Include="brightnessMap_cs.hlsl">
      <Filter>Resource Files\Bloom</Filter>
    </FxCompile>
    <FxCompile Include="horizontalBlur_cs.hlsl">
      <Filter>Resource Files\Bloom\GaussianBlur</Filter>
    </FxCompile>
    <FxCompile Include="verticalBlur_cs.hlsl">
      <Filter>Resource Files\Bloom\GaussianBlur</Filter>
    </FxCompile>
    <FxCompile Include="upSample_cs.hlsl">
      <Filter>Resource Files\Bloom</Filter>
    </FxCompile>
    <FxCompile Include="computeBlendTextures_cs.hlsl">
      <Filter>Resource Files\Bloom</Filter>
    </FxCompile>
    <FxCompile Include="particle_gs.hlsl">
      <Filter>Resource Files\Particles</Filter>
    </FxCompile>
    <FxCompile Include="particle_vs.hlsl">
      <Filter>Resource Files\Particles</Filter>
    </FxCompile>
    <FxCompile Include="particle_ps.hlsl">
      <Filter>Resource Files\Particles</Filter>
    </FxCompile>
    <FxCompile Include="colour_ps.hlsl">
      <Filter>Resource Files\Objects</Filter>
    </FxCompile>
    <FxCompile Include="colour_vs.hlsl">
      <Filter>Resource Files\Objects</Filter>
    </FxCompile>
    <FxCompile Include="model_ps.hlsl">
      <Filter>Resource Files\Objects</Filter>
    </FxCompile>
    <FxCompile Include="model_vs.hlsl">
      <Filter>Resource Files\Objects</Filter>
    </FxCompile>
    <FxCompile Include="texture_ps.hlsl">
      <Filter>Resource Files\Objects</Filter>
    </FxCompile>
    <FxCompile Include="texture_vs.hlsl">
      <Filter>Resource Files\Objects</Filter>
    </FxCompile>
    <FxCompile Include="water_ds.hlsl">
      <Filter>Resource Files\Objects</Filter>
    </FxCompile>
    <FxCompile Include="water_hs.hlsl">
      <Filter>Resource Files\Objects</Filter>
    </FxCompile>
    <FxCompile Include="water_ps.hlsl">
      <Filter>Resource Files\Objects</Filter>
    </FxCompile>
    <FxCompile Include="water_vs.hlsl">
      <Filter>Resource Files\Objects</Filter>
    </FxCompile>
  </ItemGroup>
</Project>